{
  "name": "tauri-htmx",
  "version": "1.0.0",
  "lockfileVersion": 3,
  "requires": true,
  "packages": {
    "": {
      "name": "tauri-htmx",
      "version": "1.0.0",
      "license": "GLWTS",
      "dependencies": {
        "uglify-js": "^3.18.0"
      }
    },
    "node_modules/uglify-js": {
      "version": "3.18.0",
      "resolved": "https://registry.npmjs.org/uglify-js/-/uglify-js-3.18.0.tgz",
      "integrity": "sha512-SyVVbcNBCk0dzr9XL/R/ySrmYf0s372K6/hFklzgcp2lBFyXtw4I7BOdDjlLhE1aVqaI/SHWXWmYdlZxuyF38A==",
      "bin": {
        "uglifyjs": "bin/uglifyjs"
      },
      "engines": {
        "node": ">=0.8.0"
      }
    }
  }
}
